<?xml version="1.0" encoding="utf-8"?>
<Project ToolsVersion="4.0" xmlns="http://schemas.microsoft.com/developer/msbuild/2003">
  <ItemGroup>
    <Filter Include="Source Files">
      <UniqueIdentifier>{3ca5860d-01d5-41f5-b28c-d8ee51c9dd9c}</UniqueIdentifier>
      <Extensions>cpp;c;cxx;rc;def;r;odl;idl;hpj;bat;f90;for;f;fpp</Extensions>
    </Filter>
    <Filter Include="Header Files">
      <UniqueIdentifier>{964f5b2f-9e16-4408-b490-59e8aa299d13}</UniqueIdentifier>
      <Extensions>h;hpp;hxx;hm;inl;fi;fd</Extensions>
    </Filter>
    <Filter Include="Resource Files">
      <UniqueIdentifier>{83b0caef-6de2-4431-93a4-fd319cf0189c}</UniqueIdentifier>
      <Extensions>ico;cur;bmp;dlg;rc2;rct;bin;rgs;gif;jpg;jpeg;jpe</Extensions>
    </Filter>
  </ItemGroup>
  <ItemGroup>
    <ClCompile Include="bf_base.cpp">
      <Filter>Source Files</Filter>
    </ClCompile>
    <ClCompile Include="bf_dbuf.cpp">
      <Filter>Source Files</Filter>
    </ClCompile>
    <ClCompile Include="bf_ronly.cpp">
      <Filter>Source Files</Filter>
    </ClCompile>
    <ClCompile Include="bf_rw.cpp">
      <Filter>Source Files</Filter>
    </ClCompile>
    <ClCompile Include="bf_wonly.cpp">
      <Filter>Source Files</Filter>
    </ClCompile>
    <ClCompile Include="bfilelib.cpp">
      <Filter>Source Files</Filter>
    </ClCompile>
    <ClCompile Include="bsf_ro_rw.cpp">
      <Filter>Source Files</Filter>
    </ClCompile>
    <ClCompile Include="bsf_ronly.cpp">
      <Filter>Source Files</Filter>
    </ClCompile>
    <ClCompile Include="EDFFile.cpp">
      <Filter>Source Files</Filter>
    </ClCompile>
    <ClCompile Include="opbfhp.cpp">
      <Filter>Source Files</Filter>
    </ClCompile>
    <ClCompile Include="sfile.cpp">
      <Filter>Source Files</Filter>
    </ClCompile>
  </ItemGroup>
  <ItemGroup>
    <None Include="bfile.def">
      <Filter>Source Files</Filter>
    </None>
    <None Include="res\bfile.rc2">
      <Filter>Resource Files</Filter>
    </None>
    <None Include="ReadMe.txt" />
  </ItemGroup>
  <ItemGroup>
    <ClInclude Include="bf_base.hpp">
      <Filter>Header Files</Filter>
    </ClInclude>
    <ClInclude Include="bf_dbuf.hpp">
      <Filter>Header Files</Filter>
    </ClInclude>
    <ClInclude Include="bf_ronly.hpp">
      <Filter>Header Files</Filter>
    </ClInclude>
    <ClInclude Include="bf_rw.hpp">
      <Filter>Header Files</Filter>
    </ClInclude>
    <ClInclude Include="bf_wonly.hpp">
      <Filter>Header Files</Filter>
    </ClInclude>
    <ClInclude Include="bfile.h">
      <Filter>Header Files</Filter>
    </ClInclude>
    <ClInclude Include="bfilelib.h">
      <Filter>Header Files</Filter>
    </ClInclude>
    <ClInclude Include="bsf_ro_rw.hpp">
      <Filter>Header Files</Filter>
    </ClInclude>
    <ClInclude Include="bsf_ronly.hpp">
      <Filter>Header Files</Filter>
    </ClInclude>
    <ClInclude Include="Resource.h">
      <Filter>Header Files</Filter>
    </ClInclude>
    <ClInclude Include="sfile.h">
      <Filter>Header Files</Filter>
    </ClInclude>
    <ClInclude Include="StdAfx.h">
      <Filter>Header Files</Filter>
    </ClInclude>
    <ClInclude Include="wpiclib.h">
      <Filter>Header Files</Filter>
    </ClInclude>
  </ItemGroup>
</Project>